
Microsoft Visual Studio Solution File, Format Version 12.00
# Visual Studio Version 17
VisualStudioVersion = 17.3.32825.248
MinimumVisualStudioVersion = 10.0.40219.1
Project("{FAE04EC0-301F-11D3-BF4B-00C04F79EFBC}") = "Zadaniegra", "Zadaniegra\Zadaniegra.csproj", "{BEFA1840-066B-41F4-984A-42490D3B76E4}"
EndProject
Global
	GlobalSection(SolutionConfigurationPlatforms) = preSolution
		Debug|Any CPU = Debug|Any CPU
		Release|Any CPU = Release|Any CPU
	EndGlobalSection
	GlobalSection(ProjectConfigurationPlatforms) = postSolution
		{BEFA1840-066B-41F4-984A-42490D3B76E4}.Debug|Any CPU.ActiveCfg = Debug|Any CPU
		{BEFA1840-066B-41F4-984A-42490D3B76E4}.Debug|Any CPU.Build.0 = Debug|Any CPU
		{BEFA1840-066B-41F4-984A-42490D3B76E4}.Release|Any CPU.ActiveCfg = Release|Any CPU
		{BEFA1840-066B-41F4-984A-42490D3B76E4}.Release|Any CPU.Build.0 = Release|Any CPU
	EndGlobalSection
	GlobalSection(SolutionProperties) = preSolution
		HideSolutionNode = FALSE
	EndGlobalSection
	GlobalSection(ExtensibilityGlobals) = postSolution
		SolutionGuid = {98A7934E-3AF6-475D-A055-51CC61A9992A}
	EndGlobalSection
EndGlobal
